# THIS IS AN AUTOGENERATED FILE. DO NOT EDIT THIS FILE DIRECTLY.
# yarn lockfile v1


"@auth0/auth0-react@^2.2.1":
  version "2.2.1"
  resolved "https://registry.yarnpkg.com/@auth0/auth0-react/-/auth0-react-2.2.1.tgz#f1d3ff6ea9144d8bba0597e86beb5cb1d57301cb"
  integrity sha512-4L4FZvSqIwzVk5mwWFbWzfJ4Zq11dgS0v4KIGKro5tL9dgOnBGq+Ino/1mzexPV1LJHBkfwXG4+IaPiQNz5CGg==
  dependencies:
    "@auth0/auth0-spa-js" "^2.1.2"

"@auth0/auth0-spa-js@^2.1.2":
  version "2.1.2"
  resolved "https://registry.yarnpkg.com/@auth0/auth0-spa-js/-/auth0-spa-js-2.1.2.tgz#2217db13ce0feb480a190ed165b36681bd48633c"
  integrity sha512-xdA65Z/U7++Y7L9Uwh8Q8OVOs6qgFz+fb7GAzHFjpr1icO37B//xdzLXm7ZRgA19RWrsNe1nme3h896igJSvvw==
